PODS:
  - Agora_Chat_iOS (1.2.0)
  - AgoraComponetLog (0.0.2)
  - AgoraLyricsScore (1.1.6):
    - AgoraComponetLog
    - Zip
  - AgoraRtcEngine_Special_iOS (4.1.1.26)
  - AgoraRtm (2.2.0)
  - Alamofire (5.9.1)
  - AUIKitCore (1.2.0):
    - AUIKitCore/All (= 1.2.0)
  - AUIKitCore/All (1.2.0):
    - Agora_Chat_iOS
    - AgoraLyricsScore (~> 1.1.6)
    - AgoraRtcEngine_Special_iOS (< 4.1.1.100, > 4.1.1.19)
    - AgoraRtm (~> 2.2.0)
    - Alamofire
    - MJRefresh
    - ScoreEffectUI
    - SDWebImage (>= 5.0.0)
    - SwiftTheme
    - SwiftyBeaver (~> 1.9.5)
    - YYModel
    - Zip
  - MJRefresh (3.7.9)
  - ScoreEffectUI (1.0.3)
  - SDWebImage (5.19.4):
    - SDWebImage/Core (= 5.19.4)
  - SDWebImage/Core (5.19.4)
  - SwiftTheme (0.6.4)
  - SwiftyBeaver (1.9.5)
  - YYModel (1.0.4)
  - Zip (2.1.2)

DEPENDENCIES:
  - AgoraRtcEngine_Special_iOS (= 4.1.1.26)
  - AUIKitCore (from `../../`)
  - SDWebImage

SPEC REPOS:
  trunk:
    - Agora_Chat_iOS
    - AgoraComponetLog
    - AgoraLyricsScore
    - AgoraRtcEngine_Special_iOS
    - AgoraRtm
    - Alamofire
    - MJRefresh
    - ScoreEffectUI
    - SDWebImage
    - SwiftTheme
    - SwiftyBeaver
    - YYModel
    - Zip

EXTERNAL SOURCES:
  AUIKitCore:
    :path: "../../"

SPEC CHECKSUMS:
  Agora_Chat_iOS: e11aa75b290e5e8a6b90c1c73642ac1172a71b97
  AgoraComponetLog: b359777d2ff8e9ee0237cbd0c42ceb422fd514f1
  AgoraLyricsScore: 7576387b199cdc3b2752a113688abd0a807a2ca3
  AgoraRtcEngine_Special_iOS: 62ac62b0caddac27ab3c2e26ed7a2e5d9c7739a5
  AgoraRtm: 4813aab832ca612facb29c831339546c71e0b764
  Alamofire: f36a35757af4587d8e4f4bfa223ad10be2422b8c
  AUIKitCore: b8d10255d7a645133ce95a5ca67bc8cf808e61fc
  MJRefresh: ff9e531227924c84ce459338414550a05d2aea78
  ScoreEffectUI: 2eef7a81906aae23ff96e3d7e07701a65f367b9f
  SDWebImage: 066c47b573f408f18caa467d71deace7c0f8280d
  SwiftTheme: 007cbaf1f9e171caf6448a4657533e54c682b285
  SwiftyBeaver: 84069991dd5dca07d7069100985badaca7f0ce82
  YYModel: 2a7fdd96aaa4b86a824e26d0c517de8928c04b30
  Zip: b3fef584b147b6e582b2256a9815c897d60ddc67

PODFILE CHECKSUM: cd2ffaf5d9e58736d0dc0aaf60a06c1106b83e96

COCOAPODS: 1.15.2
