PODS:
  - Agora_Chat_iOS (1.1.0)
  - AgoraLyricsScore (1.1.1-beta-3)
  - AgoraRtcEngine_iOS (1.0)
<<<<<<< HEAD
  - Alamofire (5.6.4)
  - AUIKit (0.1.0):
    - Agora_Chat_iOS
    - AgoraLyricsScore
    - AgoraRtcEngine_iOS
    - Alamofire
    - AUIKit/AUIKit (= 0.1.0)
    - Kingfisher (~> 7.6.2)
    - MJRefresh
    - ScoreEffectUI
    - SwiftTheme
    - SwiftyBeaver (= 1.9.5)
    - YYModel
    - Zip
  - AUIKit/AUIKit (0.1.0):
    - Agora_Chat_iOS
=======
  - Alamofire (5.7.1)
  - AUIKit (0.1.0):
>>>>>>> main
    - AgoraLyricsScore
    - AgoraRtcEngine_iOS
    - Alamofire
    - AUIKit/AUIKit (= 0.1.0)
    - MJRefresh
    - ScoreEffectUI
    - SDWebImage (~> 5.12.6)
    - SwiftTheme
    - SwiftyBeaver (~> 1.9.5)
    - YYModel
    - Zip
  - AUIKit/AUIKit (0.1.0):
    - AgoraLyricsScore
    - AgoraRtcEngine_iOS
    - Alamofire
    - MJRefresh
    - ScoreEffectUI
    - SDWebImage (~> 5.12.6)
    - SwiftTheme
    - SwiftyBeaver (= 1.9.5)
    - YYModel
    - Zip
  - FBSnapshotTestCase (2.1.4):
    - FBSnapshotTestCase/SwiftSupport (= 2.1.4)
  - FBSnapshotTestCase/Core (2.1.4)
  - FBSnapshotTestCase/SwiftSupport (2.1.4):
    - FBSnapshotTestCase/Core
  - MJRefresh (3.7.5)
  - ScoreEffectUI (1.0.1)
  - SDWebImage (5.12.6):
    - SDWebImage/Core (= 5.12.6)
  - SDWebImage/Core (5.12.6)
  - SwiftTheme (0.6.4)
  - SwiftyBeaver (1.9.5)
  - YYModel (1.0.4)
  - Zip (2.1.2)

DEPENDENCIES:
  - AgoraLyricsScore (= 1.1.1-beta-3)
<<<<<<< HEAD
  - AgoraRtcEngine_iOS (from `./libs`)
=======
  - AgoraRtcEngine_iOS (from `/Users/fanpengpeng/Desktop/Demo/AUIKitKaraoke/iOS/Example/libs`)
>>>>>>> main
  - AUIKit (from `../`)
  - FBSnapshotTestCase (~> 2.1.4)

SPEC REPOS:
  trunk:
    - Agora_Chat_iOS
    - AgoraLyricsScore
    - Alamofire
    - FBSnapshotTestCase
    - MJRefresh
    - ScoreEffectUI
    - SDWebImage
    - SwiftTheme
    - SwiftyBeaver
    - YYModel
    - Zip

EXTERNAL SOURCES:
  AgoraRtcEngine_iOS:
<<<<<<< HEAD
    :path: "./libs"
=======
    :path: "/Users/fanpengpeng/Desktop/Demo/AUIKitKaraoke/iOS/Example/libs"
>>>>>>> main
  AUIKit:
    :path: "../"

SPEC CHECKSUMS:
  Agora_Chat_iOS: 78b181ded388278e88d40e256a4fc659e62c3115
  AgoraLyricsScore: 7e25860ccecd3c6ed73f2b503f1d73d8849079e1
  AgoraRtcEngine_iOS: 7af3b344c55059556eeb05dc748ff124c593d4fb
<<<<<<< HEAD
  Alamofire: 4e95d97098eacb88856099c4fc79b526a299e48c
  AUIKit: e1b7d24dd907407a96ea6401667783f2c50483ff
=======
  Alamofire: 0123a34370cb170936ae79a8df46cc62b2edeb88
  AUIKit: 8f7efec99a1f2c56e8458f65eb9cc897558c74d0
>>>>>>> main
  FBSnapshotTestCase: 094f9f314decbabe373b87cc339bea235a63e07a
  MJRefresh: fdf5e979eb406a0341468932d1dfc8b7f9fce961
  ScoreEffectUI: 1a3bbd83b17cfef1c16a3a4eede2854f89c9eb10
  SDWebImage: a47aea9e3d8816015db4e523daff50cfd294499d
  SwiftTheme: 007cbaf1f9e171caf6448a4657533e54c682b285
  SwiftyBeaver: 84069991dd5dca07d7069100985badaca7f0ce82
  YYModel: 2a7fdd96aaa4b86a824e26d0c517de8928c04b30
  Zip: b3fef584b147b6e582b2256a9815c897d60ddc67

<<<<<<< HEAD
PODFILE CHECKSUM: d38c4f46db9e7e99bdf8feed4f373f5959efe5ce
=======
PODFILE CHECKSUM: d91831fcd153bf1964ba206bc0d4540340d3b7ab
>>>>>>> main

COCOAPODS: 1.12.0
